
Microsoft Visual Studio Solution File, Format Version 12.00
# Visual Studio Version 17
VisualStudioVersion = 17.4.33122.133
MinimumVisualStudioVersion = 10.0.40219.1
Project("{FAE04EC0-301F-11D3-BF4B-00C04F79EFBC}") = "ValidationFramework", "ValidationFramework.csproj", "{DED08CAE-216C-4091-82E7-890CB37A5769}"
EndProject
Global
	GlobalSection(SolutionConfigurationPlatforms) = preSolution
		Debug|Any CPU = Debug|Any CPU
		Release|Any CPU = Release|Any CPU
	EndGlobalSection
	GlobalSection(ProjectConfigurationPlatforms) = postSolution
		{DED08CAE-216C-4091-82E7-890CB37A5769}.Debug|Any CPU.ActiveCfg = Debug|Any CPU
		{DED08CAE-216C-4091-82E7-890CB37A5769}.Debug|Any CPU.Build.0 = Debug|Any CPU
		{DED08CAE-216C-4091-82E7-890CB37A5769}.Release|Any CPU.ActiveCfg = Release|Any CPU
		{DED08CAE-216C-4091-82E7-890CB37A5769}.Release|Any CPU.Build.0 = Release|Any CPU
	EndGlobalSection
	GlobalSection(SolutionProperties) = preSolution
		HideSolutionNode = FALSE
	EndGlobalSection
	GlobalSection(ExtensibilityGlobals) = postSolution
		SolutionGuid = {BAD9974F-9F4D-4536-B436-2E6C63D103D8}
	EndGlobalSection
EndGlobal
